<?xml version="1.0" encoding="utf-8"?>
<Project ToolsVersion="4.0" xmlns="http://schemas.microsoft.com/developer/msbuild/2003">
  <ItemGroup>
    <ClCompile Include="pyapi\fefactory_api.cpp">
      <Filter>pyapi</Filter>
    </ClCompile>
    <ClCompile Include="pyapi\pyutils.cpp">
      <Filter>pyapi</Filter>
    </ClCompile>
    <ClCompile Include="pyapi\functions.cpp">
      <Filter>pyapi</Filter>
    </ClCompile>
    <ClCompile Include="pyapi\ui\console.cpp">
      <Filter>pyapi\ui</Filter>
    </ClCompile>
    <ClCompile Include="pyapi\ui\dialogs.cpp">
      <Filter>pyapi\ui</Filter>
    </ClCompile>
    <ClCompile Include="pyapi\emuhacker\emuhacker.cpp">
      <Filter>pyapi\emuhacker</Filter>
    </ClCompile>
    <ClCompile Include="pyapi\emuhacker\ProcessHandler.cpp">
      <Filter>pyapi\emuhacker</Filter>
    </ClCompile>
    <ClCompile Include="pyapi\ui\ui.cpp">
      <Filter>pyapi\ui</Filter>
    </ClCompile>
    <ClCompile Include="pyapi\fe\graph.cpp">
      <Filter>pyapi\fe</Filter>
    </ClCompile>
    <ClCompile Include="pyapi\fe\fe.cpp">
      <Filter>pyapi\fe</Filter>
    </ClCompile>
    <ClCompile Include="pyapi\ui\menu.cpp">
      <Filter>pyapi\ui</Filter>
    </ClCompile>
    <ClCompile Include="pyapi\ui\datacontrols.cpp">
      <Filter>pyapi\ui</Filter>
    </ClCompile>
    <ClCompile Include="pyapi\ui\controls.cpp">
      <Filter>pyapi\ui</Filter>
    </ClCompile>
    <ClCompile Include="pyapi\ui\aui.cpp">
      <Filter>pyapi\ui</Filter>
    </ClCompile>
    <ClCompile Include="pyapi\auto\auto.cpp">
      <Filter>pyapi\auto</Filter>
    </ClCompile>
    <ClCompile Include="pyapi\ui\frames.cpp">
      <Filter>pyapi\ui</Filter>
    </ClCompile>
    <ClCompile Include="pyapi\ui\containers.cpp">
      <Filter>pyapi\ui</Filter>
    </ClCompile>
    <ClCompile Include="pyapi\ui\events.cpp">
      <Filter>pyapi\ui</Filter>
    </ClCompile>
    <ClCompile Include="pyapi\ui\image.cpp">
      <Filter>pyapi\ui</Filter>
    </ClCompile>
    <ClCompile Include="myapp.cpp" />
    <ClCompile Include="pyapi\ui\extend.cpp">
      <Filter>pyapi\ui</Filter>
    </ClCompile>
  </ItemGroup>
  <ItemGroup>
    <ClInclude Include="types.h" />
    <ClInclude Include="utils\ArrayRef.h">
      <Filter>utils</Filter>
    </ClInclude>
    <ClInclude Include="utils\HistorySet.hpp">
      <Filter>utils</Filter>
    </ClInclude>
    <ClInclude Include="utils\utils.h">
      <Filter>utils</Filter>
    </ClInclude>
    <ClInclude Include="pyapi\fefactory_api.h">
      <Filter>pyapi</Filter>
    </ClInclude>
    <ClInclude Include="pyapi\pybindext.h">
      <Filter>pyapi</Filter>
    </ClInclude>
    <ClInclude Include="pyapi\pyutils.h">
      <Filter>pyapi</Filter>
    </ClInclude>
    <ClInclude Include="utils\color.h">
      <Filter>utils</Filter>
    </ClInclude>
    <ClInclude Include="pyapi\functions.h">
      <Filter>pyapi</Filter>
    </ClInclude>
    <ClInclude Include="pyapi\ui\console.h">
      <Filter>pyapi\ui</Filter>
    </ClInclude>
    <ClInclude Include="pyapi\ui\dialogs.h">
      <Filter>pyapi\ui</Filter>
    </ClInclude>
    <ClInclude Include="pyapi\emuhacker\emuhacker.h">
      <Filter>pyapi\emuhacker</Filter>
    </ClInclude>
    <ClInclude Include="pyapi\emuhacker\ProcessHandler.h">
      <Filter>pyapi\emuhacker</Filter>
    </ClInclude>
    <ClInclude Include="pyapi\ui\ui.h">
      <Filter>pyapi\ui</Filter>
    </ClInclude>
    <ClInclude Include="pyapi\fe\graph.h">
      <Filter>pyapi\fe</Filter>
    </ClInclude>
    <ClInclude Include="pyapi\fe\feimg.hpp">
      <Filter>pyapi\fe</Filter>
    </ClInclude>
    <ClInclude Include="pyapi\fe\fe.h">
      <Filter>pyapi\fe</Filter>
    </ClInclude>
    <ClInclude Include="pyapi\auto\auto.h">
      <Filter>pyapi\auto</Filter>
    </ClInclude>
    <ClInclude Include="pyapi\ui\thread.h">
      <Filter>pyapi\ui</Filter>
    </ClInclude>
    <ClInclude Include="pyapi\ui\drop.hpp">
      <Filter>pyapi\ui</Filter>
    </ClInclude>
    <ClInclude Include="myapp.h" />
  </ItemGroup>
  <ItemGroup>
    <Filter Include="utils">
      <UniqueIdentifier>{532fc647-4738-4158-b76a-dfebfc7d34ef}</UniqueIdentifier>
    </Filter>
    <Filter Include="pyapi">
      <UniqueIdentifier>{aafbb4f5-a597-43a0-9d6a-19376a3ba782}</UniqueIdentifier>
    </Filter>
    <Filter Include="pyapi\emuhacker">
      <UniqueIdentifier>{45f4df9e-41f6-4daf-a6be-e703d6c859b5}</UniqueIdentifier>
    </Filter>
    <Filter Include="pyapi\fe">
      <UniqueIdentifier>{4355aa40-6f0a-4d4c-85ec-7a0df1ec5438}</UniqueIdentifier>
    </Filter>
    <Filter Include="pyapi\auto">
      <UniqueIdentifier>{e6f09b6c-d7a1-43f5-b392-87a13ae38b9c}</UniqueIdentifier>
    </Filter>
    <Filter Include="pyapi\ui">
      <UniqueIdentifier>{dc497cd4-3323-4626-9f43-15e74060bff4}</UniqueIdentifier>
    </Filter>
  </ItemGroup>
  <ItemGroup>
    <None Include="packages.config" />
  </ItemGroup>
  <ItemGroup>
    <Xml Include="app.manifest" />
  </ItemGroup>
</Project>